
Microsoft Visual Studio Solution File, Format Version 12.00
# Visual Studio Version 17
VisualStudioVersion = 17.0.32112.339
MinimumVisualStudioVersion = 10.0.40219.1
Project("{FAE04EC0-301F-11D3-BF4B-00C04F79EFBC}") = "ConsoleApp", "ConsoleApp\ConsoleApp.csproj", "{327C9174-7663-4042-8553-7FB3BE6D31EE}"
EndProject
Global
	GlobalSection(SolutionConfigurationPlatforms) = preSolution
		Debug|Any CPU = Debug|Any CPU
		Release|Any CPU = Release|Any CPU
	EndGlobalSection
	GlobalSection(ProjectConfigurationPlatforms) = postSolution
		{327C9174-7663-4042-8553-7FB3BE6D31EE}.Debug|Any CPU.ActiveCfg = Debug|Any CPU
		{327C9174-7663-4042-8553-7FB3BE6D31EE}.Debug|Any CPU.Build.0 = Debug|Any CPU
		{327C9174-7663-4042-8553-7FB3BE6D31EE}.Release|Any CPU.ActiveCfg = Release|Any CPU
		{327C9174-7663-4042-8553-7FB3BE6D31EE}.Release|Any CPU.Build.0 = Release|Any CPU
	EndGlobalSection
	GlobalSection(SolutionProperties) = preSolution
		HideSolutionNode = FALSE
	EndGlobalSection
	GlobalSection(ExtensibilityGlobals) = postSolution
		SolutionGuid = {06B8B991-54D9-4A05-94C1-7CBFCFBEEEDE}
	EndGlobalSection
EndGlobal
